
Microsoft Visual Studio Solution File, Format Version 12.00
# Visual Studio 15
VisualStudioVersion = 15.0.26430.14
MinimumVisualStudioVersion = 10.0.40219.1
Project("{FAE04EC0-301F-11D3-BF4B-00C04F79EFBC}") = "DragViewSample.Android", "DragViewSample\DragViewSample.Android\DragViewSample.Android.csproj", "{C12BB9B0-F94C-4592-B9AA-5102D2F40380}"
EndProject
Project("{FAE04EC0-301F-11D3-BF4B-00C04F79EFBC}") = "DragViewSample", "DragViewSample\DragViewSample\DragViewSample.csproj", "{99DD4877-CC65-488B-A097-94DC109E6DAD}"
EndProject
Project("{FAE04EC0-301F-11D3-BF4B-00C04F79EFBC}") = "DragViewSample.iOS", "DragViewSample\DragViewSample.iOS\DragViewSample.iOS.csproj", "{BDAA7201-7B92-448B-B264-775956A111EB}"
EndProject
Global
	GlobalSection(SolutionConfigurationPlatforms) = preSolution
		Ad-Hoc|Any CPU = Ad-Hoc|Any CPU
		Ad-Hoc|ARM = Ad-Hoc|ARM
		Ad-Hoc|iPhone = Ad-Hoc|iPhone
		Ad-Hoc|iPhoneSimulator = Ad-Hoc|iPhoneSimulator
		Ad-Hoc|x64 = Ad-Hoc|x64
		Ad-Hoc|x86 = Ad-Hoc|x86
		AppStore|Any CPU = AppStore|Any CPU
		AppStore|ARM = AppStore|ARM
		AppStore|iPhone = AppStore|iPhone
		AppStore|iPhoneSimulator = AppStore|iPhoneSimulator
		AppStore|x64 = AppStore|x64
		AppStore|x86 = AppStore|x86
		Debug|Any CPU = Debug|Any CPU
		Debug|ARM = Debug|ARM
		Debug|iPhone = Debug|iPhone
		Debug|iPhoneSimulator = Debug|iPhoneSimulator
		Debug|x64 = Debug|x64
		Debug|x86 = Debug|x86
		Release|Any CPU = Release|Any CPU
		Release|ARM = Release|ARM
		Release|iPhone = Release|iPhone
		Release|iPhoneSimulator = Release|iPhoneSimulator
		Release|x64 = Release|x64
		Release|x86 = Release|x86
	EndGlobalSection
	GlobalSection(ProjectConfigurationPlatforms) = postSolution
		{C12BB9B0-F94C-4592-B9AA-5102D2F40380}.Ad-Hoc|Any CPU.ActiveCfg = Release|Any CPU
		{C12BB9B0-F94C-4592-B9AA-5102D2F40380}.Ad-Hoc|Any CPU.Build.0 = Release|Any CPU
		{C12BB9B0-F94C-4592-B9AA-5102D2F40380}.Ad-Hoc|Any CPU.Deploy.0 = Release|Any CPU
		{C12BB9B0-F94C-4592-B9AA-5102D2F40380}.Ad-Hoc|ARM.ActiveCfg = Release|Any CPU
		{C12BB9B0-F94C-4592-B9AA-5102D2F40380}.Ad-Hoc|ARM.Build.0 = Release|Any CPU
		{C12BB9B0-F94C-4592-B9AA-5102D2F40380}.Ad-Hoc|ARM.Deploy.0 = Release|Any CPU
		{C12BB9B0-F94C-4592-B9AA-5102D2F40380}.Ad-Hoc|iPhone.ActiveCfg = Release|Any CPU
		{C12BB9B0-F94C-4592-B9AA-5102D2F40380}.Ad-Hoc|iPhone.Build.0 = Release|Any CPU
		{C12BB9B0-F94C-4592-B9AA-5102D2F40380}.Ad-Hoc|iPhone.Deploy.0 = Release|Any CPU
		{C12BB9B0-F94C-4592-B9AA-5102D2F40380}.Ad-Hoc|iPhoneSimulator.ActiveCfg = Release|Any CPU
		{C12BB9B0-F94C-4592-B9AA-5102D2F40380}.Ad-Hoc|iPhoneSimulator.Build.0 = Release|Any CPU
		{C12BB9B0-F94C-4592-B9AA-5102D2F40380}.Ad-Hoc|iPhoneSimulator.Deploy.0 = Release|Any CPU
		{C12BB9B0-F94C-4592-B9AA-5102D2F40380}.Ad-Hoc|x64.ActiveCfg = Release|Any CPU
		{C12BB9B0-F94C-4592-B9AA-5102D2F40380}.Ad-Hoc|x64.Build.0 = Release|Any CPU
		{C12BB9B0-F94C-4592-B9AA-5102D2F40380}.Ad-Hoc|x64.Deploy.0 = Release|Any CPU
		{C12BB9B0-F94C-4592-B9AA-5102D2F40380}.Ad-Hoc|x86.ActiveCfg = Release|Any CPU
		{C12BB9B0-F94C-4592-B9AA-5102D2F40380}.Ad-Hoc|x86.Build.0 = Release|Any CPU
		{C12BB9B0-F94C-4592-B9AA-5102D2F40380}.Ad-Hoc|x86.Deploy.0 = Release|Any CPU
		{C12BB9B0-F94C-4592-B9AA-5102D2F40380}.AppStore|Any CPU.ActiveCfg = Release|Any CPU
		{C12BB9B0-F94C-4592-B9AA-5102D2F40380}.AppStore|Any CPU.Build.0 = Release|Any CPU
		{C12BB9B0-F94C-4592-B9AA-5102D2F40380}.AppStore|Any CPU.Deploy.0 = Release|Any CPU
		{C12BB9B0-F94C-4592-B9AA-5102D2F40380}.AppStore|ARM.ActiveCfg = Release|Any CPU
		{C12BB9B0-F94C-4592-B9AA-5102D2F40380}.AppStore|ARM.Build.0 = Release|Any CPU
		{C12BB9B0-F94C-4592-B9AA-5102D2F40380}.AppStore|ARM.Deploy.0 = Release|Any CPU
		{C12BB9B0-F94C-4592-B9AA-5102D2F40380}.AppStore|iPhone.ActiveCfg = Release|Any CPU
		{C12BB9B0-F94C-4592-B9AA-5102D2F40380}.AppStore|iPhone.Build.0 = Release|Any CPU
		{C12BB9B0-F94C-4592-B9AA-5102D2F40380}.AppStore|iPhone.Deploy.0 = Release|Any CPU
		{C12BB9B0-F94C-4592-B9AA-5102D2F40380}.AppStore|iPhoneSimulator.ActiveCfg = Release|Any CPU
		{C12BB9B0-F94C-4592-B9AA-5102D2F40380}.AppStore|iPhoneSimulator.Build.0 = Release|Any CPU
		{C12BB9B0-F94C-4592-B9AA-5102D2F40380}.AppStore|iPhoneSimulator.Deploy.0 = Release|Any CPU
		{C12BB9B0-F94C-4592-B9AA-5102D2F40380}.AppStore|x64.ActiveCfg = Release|Any CPU
		{C12BB9B0-F94C-4592-B9AA-5102D2F40380}.AppStore|x64.Build.0 = Release|Any CPU
		{C12BB9B0-F94C-4592-B9AA-5102D2F40380}.AppStore|x64.Deploy.0 = Release|Any CPU
		{C12BB9B0-F94C-4592-B9AA-5102D2F40380}.AppStore|x86.ActiveCfg = Release|Any CPU
		{C12BB9B0-F94C-4592-B9AA-5102D2F40380}.AppStore|x86.Build.0 = Release|Any CPU
		{C12BB9B0-F94C-4592-B9AA-5102D2F40380}.AppStore|x86.Deploy.0 = Release|Any CPU
		{C12BB9B0-F94C-4592-B9AA-5102D2F40380}.Debug|Any CPU.ActiveCfg = Debug|Any CPU
		{C12BB9B0-F94C-4592-B9AA-5102D2F40380}.Debug|Any CPU.Build.0 = Debug|Any CPU
		{C12BB9B0-F94C-4592-B9AA-5102D2F40380}.Debug|Any CPU.Deploy.0 = Debug|Any CPU
		{C12BB9B0-F94C-4592-B9AA-5102D2F40380}.Debug|ARM.ActiveCfg = Debug|Any CPU
		{C12BB9B0-F94C-4592-B9AA-5102D2F40380}.Debug|ARM.Build.0 = Debug|Any CPU
		{C12BB9B0-F94C-4592-B9AA-5102D2F40380}.Debug|ARM.Deploy.0 = Debug|Any CPU
		{C12BB9B0-F94C-4592-B9AA-5102D2F40380}.Debug|iPhone.ActiveCfg = Debug|Any CPU
		{C12BB9B0-F94C-4592-B9AA-5102D2F40380}.Debug|iPhone.Build.0 = Debug|Any CPU
		{C12BB9B0-F94C-4592-B9AA-5102D2F40380}.Debug|iPhone.Deploy.0 = Debug|Any CPU
		{C12BB9B0-F94C-4592-B9AA-5102D2F40380}.Debug|iPhoneSimulator.ActiveCfg = Debug|Any CPU
		{C12BB9B0-F94C-4592-B9AA-5102D2F40380}.Debug|iPhoneSimulator.Build.0 = Debug|Any CPU
		{C12BB9B0-F94C-4592-B9AA-5102D2F40380}.Debug|iPhoneSimulator.Deploy.0 = Debug|Any CPU
		{C12BB9B0-F94C-4592-B9AA-5102D2F40380}.Debug|x64.ActiveCfg = Debug|Any CPU
		{C12BB9B0-F94C-4592-B9AA-5102D2F40380}.Debug|x64.Build.0 = Debug|Any CPU
		{C12BB9B0-F94C-4592-B9AA-5102D2F40380}.Debug|x64.Deploy.0 = Debug|Any CPU
		{C12BB9B0-F94C-4592-B9AA-5102D2F40380}.Debug|x86.ActiveCfg = Debug|Any CPU
		{C12BB9B0-F94C-4592-B9AA-5102D2F40380}.Debug|x86.Build.0 = Debug|Any CPU
		{C12BB9B0-F94C-4592-B9AA-5102D2F40380}.Debug|x86.Deploy.0 = Debug|Any CPU
		{C12BB9B0-F94C-4592-B9AA-5102D2F40380}.Release|Any CPU.ActiveCfg = Release|Any CPU
		{C12BB9B0-F94C-4592-B9AA-5102D2F40380}.Release|Any CPU.Build.0 = Release|Any CPU
		{C12BB9B0-F94C-4592-B9AA-5102D2F40380}.Release|Any CPU.Deploy.0 = Release|Any CPU
		{C12BB9B0-F94C-4592-B9AA-5102D2F40380}.Release|ARM.ActiveCfg = Release|Any CPU
		{C12BB9B0-F94C-4592-B9AA-5102D2F40380}.Release|ARM.Build.0 = Release|Any CPU
		{C12BB9B0-F94C-4592-B9AA-5102D2F40380}.Release|ARM.Deploy.0 = Release|Any CPU
		{C12BB9B0-F94C-4592-B9AA-5102D2F40380}.Release|iPhone.ActiveCfg = Release|Any CPU
		{C12BB9B0-F94C-4592-B9AA-5102D2F40380}.Release|iPhone.Build.0 = Release|Any CPU
		{C12BB9B0-F94C-4592-B9AA-5102D2F40380}.Release|iPhone.Deploy.0 = Release|Any CPU
		{C12BB9B0-F94C-4592-B9AA-5102D2F40380}.Release|iPhoneSimulator.ActiveCfg = Release|Any CPU
		{C12BB9B0-F94C-4592-B9AA-5102D2F40380}.Release|iPhoneSimulator.Build.0 = Release|Any CPU
		{C12BB9B0-F94C-4592-B9AA-5102D2F40380}.Release|iPhoneSimulator.Deploy.0 = Release|Any CPU
		{C12BB9B0-F94C-4592-B9AA-5102D2F40380}.Release|x64.ActiveCfg = Release|Any CPU
		{C12BB9B0-F94C-4592-B9AA-5102D2F40380}.Release|x64.Build.0 = Release|Any CPU
		{C12BB9B0-F94C-4592-B9AA-5102D2F40380}.Release|x64.Deploy.0 = Release|Any CPU
		{C12BB9B0-F94C-4592-B9AA-5102D2F40380}.Release|x86.ActiveCfg = Release|Any CPU
		{C12BB9B0-F94C-4592-B9AA-5102D2F40380}.Release|x86.Build.0 = Release|Any CPU
		{C12BB9B0-F94C-4592-B9AA-5102D2F40380}.Release|x86.Deploy.0 = Release|Any CPU
		{99DD4877-CC65-488B-A097-94DC109E6DAD}.Ad-Hoc|Any CPU.ActiveCfg = Release|Any CPU
		{99DD4877-CC65-488B-A097-94DC109E6DAD}.Ad-Hoc|Any CPU.Build.0 = Release|Any CPU
		{99DD4877-CC65-488B-A097-94DC109E6DAD}.Ad-Hoc|ARM.ActiveCfg = Release|Any CPU
		{99DD4877-CC65-488B-A097-94DC109E6DAD}.Ad-Hoc|ARM.Build.0 = Release|Any CPU
		{99DD4877-CC65-488B-A097-94DC109E6DAD}.Ad-Hoc|iPhone.ActiveCfg = Release|Any CPU
		{99DD4877-CC65-488B-A097-94DC109E6DAD}.Ad-Hoc|iPhone.Build.0 = Release|Any CPU
		{99DD4877-CC65-488B-A097-94DC109E6DAD}.Ad-Hoc|iPhoneSimulator.ActiveCfg = Release|Any CPU
		{99DD4877-CC65-488B-A097-94DC109E6DAD}.Ad-Hoc|iPhoneSimulator.Build.0 = Release|Any CPU
		{99DD4877-CC65-488B-A097-94DC109E6DAD}.Ad-Hoc|x64.ActiveCfg = Release|Any CPU
		{99DD4877-CC65-488B-A097-94DC109E6DAD}.Ad-Hoc|x64.Build.0 = Release|Any CPU
		{99DD4877-CC65-488B-A097-94DC109E6DAD}.Ad-Hoc|x86.ActiveCfg = Release|Any CPU
		{99DD4877-CC65-488B-A097-94DC109E6DAD}.Ad-Hoc|x86.Build.0 = Release|Any CPU
		{99DD4877-CC65-488B-A097-94DC109E6DAD}.AppStore|Any CPU.ActiveCfg = Release|Any CPU
		{99DD4877-CC65-488B-A097-94DC109E6DAD}.AppStore|Any CPU.Build.0 = Release|Any CPU
		{99DD4877-CC65-488B-A097-94DC109E6DAD}.AppStore|ARM.ActiveCfg = Release|Any CPU
		{99DD4877-CC65-488B-A097-94DC109E6DAD}.AppStore|ARM.Build.0 = Release|Any CPU
		{99DD4877-CC65-488B-A097-94DC109E6DAD}.AppStore|iPhone.ActiveCfg = Release|Any CPU
		{99DD4877-CC65-488B-A097-94DC109E6DAD}.AppStore|iPhone.Build.0 = Release|Any CPU
		{99DD4877-CC65-488B-A097-94DC109E6DAD}.AppStore|iPhoneSimulator.ActiveCfg = Release|Any CPU
		{99DD4877-CC65-488B-A097-94DC109E6DAD}.AppStore|iPhoneSimulator.Build.0 = Release|Any CPU
		{99DD4877-CC65-488B-A097-94DC109E6DAD}.AppStore|x64.ActiveCfg = Release|Any CPU
		{99DD4877-CC65-488B-A097-94DC109E6DAD}.AppStore|x64.Build.0 = Release|Any CPU
		{99DD4877-CC65-488B-A097-94DC109E6DAD}.AppStore|x86.ActiveCfg = Release|Any CPU
		{99DD4877-CC65-488B-A097-94DC109E6DAD}.AppStore|x86.Build.0 = Release|Any CPU
		{99DD4877-CC65-488B-A097-94DC109E6DAD}.Debug|Any CPU.ActiveCfg = Debug|Any CPU
		{99DD4877-CC65-488B-A097-94DC109E6DAD}.Debug|Any CPU.Build.0 = Debug|Any CPU
		{99DD4877-CC65-488B-A097-94DC109E6DAD}.Debug|ARM.ActiveCfg = Debug|Any CPU
		{99DD4877-CC65-488B-A097-94DC109E6DAD}.Debug|ARM.Build.0 = Debug|Any CPU
		{99DD4877-CC65-488B-A097-94DC109E6DAD}.Debug|iPhone.ActiveCfg = Debug|Any CPU
		{99DD4877-CC65-488B-A097-94DC109E6DAD}.Debug|iPhone.Build.0 = Debug|Any CPU
		{99DD4877-CC65-488B-A097-94DC109E6DAD}.Debug|iPhoneSimulator.ActiveCfg = Debug|Any CPU
		{99DD4877-CC65-488B-A097-94DC109E6DAD}.Debug|iPhoneSimulator.Build.0 = Debug|Any CPU
		{99DD4877-CC65-488B-A097-94DC109E6DAD}.Debug|x64.ActiveCfg = Debug|Any CPU
		{99DD4877-CC65-488B-A097-94DC109E6DAD}.Debug|x64.Build.0 = Debug|Any CPU
		{99DD4877-CC65-488B-A097-94DC109E6DAD}.Debug|x86.ActiveCfg = Debug|Any CPU
		{99DD4877-CC65-488B-A097-94DC109E6DAD}.Debug|x86.Build.0 = Debug|Any CPU
		{99DD4877-CC65-488B-A097-94DC109E6DAD}.Release|Any CPU.ActiveCfg = Release|Any CPU
		{99DD4877-CC65-488B-A097-94DC109E6DAD}.Release|Any CPU.Build.0 = Release|Any CPU
		{99DD4877-CC65-488B-A097-94DC109E6DAD}.Release|ARM.ActiveCfg = Release|Any CPU
		{99DD4877-CC65-488B-A097-94DC109E6DAD}.Release|ARM.Build.0 = Release|Any CPU
		{99DD4877-CC65-488B-A097-94DC109E6DAD}.Release|iPhone.ActiveCfg = Release|Any CPU
		{99DD4877-CC65-488B-A097-94DC109E6DAD}.Release|iPhone.Build.0 = Release|Any CPU
		{99DD4877-CC65-488B-A097-94DC109E6DAD}.Release|iPhoneSimulator.ActiveCfg = Release|Any CPU
		{99DD4877-CC65-488B-A097-94DC109E6DAD}.Release|iPhoneSimulator.Build.0 = Release|Any CPU
		{99DD4877-CC65-488B-A097-94DC109E6DAD}.Release|x64.ActiveCfg = Release|Any CPU
		{99DD4877-CC65-488B-A097-94DC109E6DAD}.Release|x64.Build.0 = Release|Any CPU
		{99DD4877-CC65-488B-A097-94DC109E6DAD}.Release|x86.ActiveCfg = Release|Any CPU
		{99DD4877-CC65-488B-A097-94DC109E6DAD}.Release|x86.Build.0 = Release|Any CPU
		{BDAA7201-7B92-448B-B264-775956A111EB}.Ad-Hoc|Any CPU.ActiveCfg = Ad-Hoc|iPhone
		{BDAA7201-7B92-448B-B264-775956A111EB}.Ad-Hoc|ARM.ActiveCfg = Ad-Hoc|iPhone
		{BDAA7201-7B92-448B-B264-775956A111EB}.Ad-Hoc|iPhone.ActiveCfg = Ad-Hoc|iPhone
		{BDAA7201-7B92-448B-B264-775956A111EB}.Ad-Hoc|iPhone.Build.0 = Ad-Hoc|iPhone
		{BDAA7201-7B92-448B-B264-775956A111EB}.Ad-Hoc|iPhoneSimulator.ActiveCfg = Ad-Hoc|iPhoneSimulator
		{BDAA7201-7B92-448B-B264-775956A111EB}.Ad-Hoc|iPhoneSimulator.Build.0 = Ad-Hoc|iPhoneSimulator
		{BDAA7201-7B92-448B-B264-775956A111EB}.Ad-Hoc|x64.ActiveCfg = Ad-Hoc|iPhone
		{BDAA7201-7B92-448B-B264-775956A111EB}.Ad-Hoc|x86.ActiveCfg = Ad-Hoc|iPhone
		{BDAA7201-7B92-448B-B264-775956A111EB}.AppStore|Any CPU.ActiveCfg = AppStore|iPhone
		{BDAA7201-7B92-448B-B264-775956A111EB}.AppStore|ARM.ActiveCfg = AppStore|iPhone
		{BDAA7201-7B92-448B-B264-775956A111EB}.AppStore|iPhone.ActiveCfg = AppStore|iPhone
		{BDAA7201-7B92-448B-B264-775956A111EB}.AppStore|iPhone.Build.0 = AppStore|iPhone
		{BDAA7201-7B92-448B-B264-775956A111EB}.AppStore|iPhoneSimulator.ActiveCfg = AppStore|iPhoneSimulator
		{BDAA7201-7B92-448B-B264-775956A111EB}.AppStore|iPhoneSimulator.Build.0 = AppStore|iPhoneSimulator
		{BDAA7201-7B92-448B-B264-775956A111EB}.AppStore|x64.ActiveCfg = AppStore|iPhone
		{BDAA7201-7B92-448B-B264-775956A111EB}.AppStore|x86.ActiveCfg = AppStore|iPhone
		{BDAA7201-7B92-448B-B264-775956A111EB}.Debug|Any CPU.ActiveCfg = Debug|iPhone
		{BDAA7201-7B92-448B-B264-775956A111EB}.Debug|ARM.ActiveCfg = Debug|iPhone
		{BDAA7201-7B92-448B-B264-775956A111EB}.Debug|iPhone.ActiveCfg = Debug|iPhone
		{BDAA7201-7B92-448B-B264-775956A111EB}.Debug|iPhone.Build.0 = Debug|iPhone
		{BDAA7201-7B92-448B-B264-775956A111EB}.Debug|iPhoneSimulator.ActiveCfg = Debug|iPhoneSimulator
		{BDAA7201-7B92-448B-B264-775956A111EB}.Debug|iPhoneSimulator.Build.0 = Debug|iPhoneSimulator
		{BDAA7201-7B92-448B-B264-775956A111EB}.Debug|x64.ActiveCfg = Debug|iPhone
		{BDAA7201-7B92-448B-B264-775956A111EB}.Debug|x86.ActiveCfg = Debug|iPhone
		{BDAA7201-7B92-448B-B264-775956A111EB}.Release|Any CPU.ActiveCfg = Release|iPhone
		{BDAA7201-7B92-448B-B264-775956A111EB}.Release|ARM.ActiveCfg = Release|iPhone
		{BDAA7201-7B92-448B-B264-775956A111EB}.Release|iPhone.ActiveCfg = Release|iPhone
		{BDAA7201-7B92-448B-B264-775956A111EB}.Release|iPhone.Build.0 = Release|iPhone
		{BDAA7201-7B92-448B-B264-775956A111EB}.Release|iPhoneSimulator.ActiveCfg = Release|iPhoneSimulator
		{BDAA7201-7B92-448B-B264-775956A111EB}.Release|iPhoneSimulator.Build.0 = Release|iPhoneSimulator
		{BDAA7201-7B92-448B-B264-775956A111EB}.Release|x64.ActiveCfg = Release|iPhone
		{BDAA7201-7B92-448B-B264-775956A111EB}.Release|x86.ActiveCfg = Release|iPhone
	EndGlobalSection
	GlobalSection(SolutionProperties) = preSolution
		HideSolutionNode = FALSE
	EndGlobalSection
EndGlobal
